{
  "name": "studera",
  "version": "1.0.0",
  "lockfileVersion": 2,
  "requires": true,
  "packages": {
    "": {
      "name": "studera",
      "version": "1.0.0",
      "license": "ISC",
      "dependencies": {
        "pdf-parse": "https://github.com/steniowagner/pdf-parse-fork/tarball/2c202237d7a5ee6cf5ea3ef531d713e48c26d7af"
      }
    },
    "node_modules/node-ensure": {
      "version": "0.0.0",
      "resolved": "https://registry.npmjs.org/node-ensure/-/node-ensure-0.0.0.tgz",
      "integrity": "sha512-DRI60hzo2oKN1ma0ckc6nQWlHU69RH6xN0sjQTjMpChPfTYvKZdcQFfdYK2RWbJcKyUizSIy/l8OTGxMAM1QDw=="
    },
    "node_modules/pdf-parse": {
      "version": "1.1.1",
      "resolved": "https://github.com/steniowagner/pdf-parse-fork/tarball/2c202237d7a5ee6cf5ea3ef531d713e48c26d7af",
      "integrity": "sha512-NeqNMvZvJpYpr7VLTr0lhHxU38+pCIClS/ujpJAZKSB3hf300Xe23xTEpoGa3t6KhLimdtZgqjew/eACO8+2Zg==",
      "license": "MIT",
      "dependencies": {
        "node-ensure": "^0.0.0"
      },
      "engines": {
        "node": ">=6.8.1"
      }
    }
  },
  "dependencies": {
    "node-ensure": {
      "version": "0.0.0",
      "resolved": "https://registry.npmjs.org/node-ensure/-/node-ensure-0.0.0.tgz",
      "integrity": "sha512-DRI60hzo2oKN1ma0ckc6nQWlHU69RH6xN0sjQTjMpChPfTYvKZdcQFfdYK2RWbJcKyUizSIy/l8OTGxMAM1QDw=="
    },
    "pdf-parse": {
      "version": "https://github.com/steniowagner/pdf-parse-fork/tarball/2c202237d7a5ee6cf5ea3ef531d713e48c26d7af",
      "integrity": "sha512-NeqNMvZvJpYpr7VLTr0lhHxU38+pCIClS/ujpJAZKSB3hf300Xe23xTEpoGa3t6KhLimdtZgqjew/eACO8+2Zg==",
      "requires": {
        "node-ensure": "^0.0.0"
      }
    }
  }
}
